
Microsoft Visual Studio Solution File, Format Version 12.00
# Visual Studio Version 17
VisualStudioVersion = 17.8.34408.163
MinimumVisualStudioVersion = 10.0.40219.1
Project("{FAE04EC0-301F-11D3-BF4B-00C04F79EFBC}") = "LojaAthena", "LojaAthena.csproj", "{58644ECB-8586-424A-89EF-93FBE7592FB8}"
EndProject
Global
	GlobalSection(SolutionConfigurationPlatforms) = preSolution
		Debug|Any CPU = Debug|Any CPU
		Release|Any CPU = Release|Any CPU
	EndGlobalSection
	GlobalSection(ProjectConfigurationPlatforms) = postSolution
		{58644ECB-8586-424A-89EF-93FBE7592FB8}.Debug|Any CPU.ActiveCfg = Debug|Any CPU
		{58644ECB-8586-424A-89EF-93FBE7592FB8}.Debug|Any CPU.Build.0 = Debug|Any CPU
		{58644ECB-8586-424A-89EF-93FBE7592FB8}.Release|Any CPU.ActiveCfg = Release|Any CPU
		{58644ECB-8586-424A-89EF-93FBE7592FB8}.Release|Any CPU.Build.0 = Release|Any CPU
	EndGlobalSection
	GlobalSection(SolutionProperties) = preSolution
		HideSolutionNode = FALSE
	EndGlobalSection
	GlobalSection(ExtensibilityGlobals) = postSolution
		SolutionGuid = {88FB5968-C751-45FD-A9BD-CB3714B4635B}
	EndGlobalSection
EndGlobal
